
Microsoft Visual Studio Solution File, Format Version 12.00
# Visual Studio Version 17
VisualStudioVersion = 17.11.35327.3
MinimumVisualStudioVersion = 10.0.40219.1
Project("{9A19103F-16F7-4668-BE54-9A1E7A4F7556}") = "MG1001", "MG1001\MG1001.csproj", "{A183E9EB-B32F-4FB4-B9FB-0E68A5D0AEBF}"
EndProject
Project("{FAE04EC0-301F-11D3-BF4B-00C04F79EFBC}") = "Common", "Common\Common.csproj", "{191F0900-2601-42FD-9334-4F0319628EBA}"
EndProject
Project("{FAE04EC0-301F-11D3-BF4B-00C04F79EFBC}") = "UnitTest", "UnitTest\UnitTest.csproj", "{515A6706-16A1-4B64-A8BF-FE27E0C9E801}"
EndProject
Project("{9A19103F-16F7-4668-BE54-9A1E7A4F7556}") = "HJ1001", "HJ1001\HJ1001.csproj", "{13696F27-FEFD-4603-82BE-7DE7221CBCF5}"
EndProject
Project("{FAE04EC0-301F-11D3-BF4B-00C04F79EFBC}") = "MainForm", "MainForm\MainForm.csproj", "{121610DD-75AB-479A-AEB8-D6CD4C806CB5}"
EndProject
Project("{9A19103F-16F7-4668-BE54-9A1E7A4F7556}") = "MG1002", "MG1002\MG1002.csproj", "{871E6AED-717B-4ECF-B7D3-877E6D806EA1}"
EndProject
Project("{FAE04EC0-301F-11D3-BF4B-00C04F79EFBC}") = "Test_Console", "Test_Console\Test_Console.csproj", "{345DEF08-CADD-4682-BF67-BB001AE32E8D}"
EndProject
Project("{9A19103F-16F7-4668-BE54-9A1E7A4F7556}") = "WK1001", "WK1001\WK1001.csproj", "{D81DFF89-80E8-44CD-A7B4-DCCA062AF5C2}"
EndProject
Project("{FAE04EC0-301F-11D3-BF4B-00C04F79EFBC}") = "Test_WinForm", "Test_WinForm\Test_WinForm.csproj", "{7275705D-8F94-46F3-8DD9-9B0D844C9CED}"
EndProject
Project("{FAE04EC0-301F-11D3-BF4B-00C04F79EFBC}") = "MJ5001", "MJ5001\MJ5001.csproj", "{72B5681F-B71E-4865-9B2E-69760F8A137D}"
EndProject
Project("{FAE04EC0-301F-11D3-BF4B-00C04F79EFBC}") = "Test_WPF", "Test_WPF\Test_WPF.csproj", "{7EBD5A11-B31C-4A0D-97D0-76D4AEAA717E}"
EndProject
Project("{FAE04EC0-301F-11D3-BF4B-00C04F79EFBC}") = "KJ2001", "KJ2001\KJ2001.csproj", "{717671A2-058E-4114-AEBF-463DF46C4D52}"
EndProject
Project("{FAE04EC0-301F-11D3-BF4B-00C04F79EFBC}") = "KJ1001", "KJ1001\KJ1001.csproj", "{3EDD299B-A0D9-4961-B4AA-79F4077AB0F6}"
EndProject
Global
	GlobalSection(SolutionConfigurationPlatforms) = preSolution
		Debug|Any CPU = Debug|Any CPU
		Release|Any CPU = Release|Any CPU
	EndGlobalSection
	GlobalSection(ProjectConfigurationPlatforms) = postSolution
		{A183E9EB-B32F-4FB4-B9FB-0E68A5D0AEBF}.Debug|Any CPU.ActiveCfg = Debug|Any CPU
		{A183E9EB-B32F-4FB4-B9FB-0E68A5D0AEBF}.Debug|Any CPU.Build.0 = Debug|Any CPU
		{A183E9EB-B32F-4FB4-B9FB-0E68A5D0AEBF}.Release|Any CPU.ActiveCfg = Release|Any CPU
		{A183E9EB-B32F-4FB4-B9FB-0E68A5D0AEBF}.Release|Any CPU.Build.0 = Release|Any CPU
		{191F0900-2601-42FD-9334-4F0319628EBA}.Debug|Any CPU.ActiveCfg = Debug|Any CPU
		{191F0900-2601-42FD-9334-4F0319628EBA}.Debug|Any CPU.Build.0 = Debug|Any CPU
		{191F0900-2601-42FD-9334-4F0319628EBA}.Release|Any CPU.ActiveCfg = Release|Any CPU
		{191F0900-2601-42FD-9334-4F0319628EBA}.Release|Any CPU.Build.0 = Release|Any CPU
		{515A6706-16A1-4B64-A8BF-FE27E0C9E801}.Debug|Any CPU.ActiveCfg = Debug|Any CPU
		{515A6706-16A1-4B64-A8BF-FE27E0C9E801}.Debug|Any CPU.Build.0 = Debug|Any CPU
		{515A6706-16A1-4B64-A8BF-FE27E0C9E801}.Release|Any CPU.ActiveCfg = Release|Any CPU
		{515A6706-16A1-4B64-A8BF-FE27E0C9E801}.Release|Any CPU.Build.0 = Release|Any CPU
		{13696F27-FEFD-4603-82BE-7DE7221CBCF5}.Debug|Any CPU.ActiveCfg = Debug|Any CPU
		{13696F27-FEFD-4603-82BE-7DE7221CBCF5}.Debug|Any CPU.Build.0 = Debug|Any CPU
		{13696F27-FEFD-4603-82BE-7DE7221CBCF5}.Release|Any CPU.ActiveCfg = Release|Any CPU
		{13696F27-FEFD-4603-82BE-7DE7221CBCF5}.Release|Any CPU.Build.0 = Release|Any CPU
		{121610DD-75AB-479A-AEB8-D6CD4C806CB5}.Debug|Any CPU.ActiveCfg = Debug|Any CPU
		{121610DD-75AB-479A-AEB8-D6CD4C806CB5}.Debug|Any CPU.Build.0 = Debug|Any CPU
		{121610DD-75AB-479A-AEB8-D6CD4C806CB5}.Release|Any CPU.ActiveCfg = Release|Any CPU
		{121610DD-75AB-479A-AEB8-D6CD4C806CB5}.Release|Any CPU.Build.0 = Release|Any CPU
		{871E6AED-717B-4ECF-B7D3-877E6D806EA1}.Debug|Any CPU.ActiveCfg = Debug|Any CPU
		{871E6AED-717B-4ECF-B7D3-877E6D806EA1}.Debug|Any CPU.Build.0 = Debug|Any CPU
		{871E6AED-717B-4ECF-B7D3-877E6D806EA1}.Release|Any CPU.ActiveCfg = Release|Any CPU
		{871E6AED-717B-4ECF-B7D3-877E6D806EA1}.Release|Any CPU.Build.0 = Release|Any CPU
		{345DEF08-CADD-4682-BF67-BB001AE32E8D}.Debug|Any CPU.ActiveCfg = Debug|Any CPU
		{345DEF08-CADD-4682-BF67-BB001AE32E8D}.Debug|Any CPU.Build.0 = Debug|Any CPU
		{345DEF08-CADD-4682-BF67-BB001AE32E8D}.Release|Any CPU.ActiveCfg = Release|Any CPU
		{345DEF08-CADD-4682-BF67-BB001AE32E8D}.Release|Any CPU.Build.0 = Release|Any CPU
		{D81DFF89-80E8-44CD-A7B4-DCCA062AF5C2}.Debug|Any CPU.ActiveCfg = Debug|Any CPU
		{D81DFF89-80E8-44CD-A7B4-DCCA062AF5C2}.Debug|Any CPU.Build.0 = Debug|Any CPU
		{D81DFF89-80E8-44CD-A7B4-DCCA062AF5C2}.Release|Any CPU.ActiveCfg = Release|Any CPU
		{D81DFF89-80E8-44CD-A7B4-DCCA062AF5C2}.Release|Any CPU.Build.0 = Release|Any CPU
		{7275705D-8F94-46F3-8DD9-9B0D844C9CED}.Debug|Any CPU.ActiveCfg = Debug|Any CPU
		{7275705D-8F94-46F3-8DD9-9B0D844C9CED}.Debug|Any CPU.Build.0 = Debug|Any CPU
		{7275705D-8F94-46F3-8DD9-9B0D844C9CED}.Release|Any CPU.ActiveCfg = Release|Any CPU
		{7275705D-8F94-46F3-8DD9-9B0D844C9CED}.Release|Any CPU.Build.0 = Release|Any CPU
		{72B5681F-B71E-4865-9B2E-69760F8A137D}.Debug|Any CPU.ActiveCfg = Debug|Any CPU
		{72B5681F-B71E-4865-9B2E-69760F8A137D}.Debug|Any CPU.Build.0 = Debug|Any CPU
		{72B5681F-B71E-4865-9B2E-69760F8A137D}.Release|Any CPU.ActiveCfg = Release|Any CPU
		{72B5681F-B71E-4865-9B2E-69760F8A137D}.Release|Any CPU.Build.0 = Release|Any CPU
		{7EBD5A11-B31C-4A0D-97D0-76D4AEAA717E}.Debug|Any CPU.ActiveCfg = Debug|Any CPU
		{7EBD5A11-B31C-4A0D-97D0-76D4AEAA717E}.Debug|Any CPU.Build.0 = Debug|Any CPU
		{7EBD5A11-B31C-4A0D-97D0-76D4AEAA717E}.Release|Any CPU.ActiveCfg = Release|Any CPU
		{7EBD5A11-B31C-4A0D-97D0-76D4AEAA717E}.Release|Any CPU.Build.0 = Release|Any CPU
		{717671A2-058E-4114-AEBF-463DF46C4D52}.Debug|Any CPU.ActiveCfg = Debug|Any CPU
		{717671A2-058E-4114-AEBF-463DF46C4D52}.Debug|Any CPU.Build.0 = Debug|Any CPU
		{717671A2-058E-4114-AEBF-463DF46C4D52}.Release|Any CPU.ActiveCfg = Release|Any CPU
		{717671A2-058E-4114-AEBF-463DF46C4D52}.Release|Any CPU.Build.0 = Release|Any CPU
		{3EDD299B-A0D9-4961-B4AA-79F4077AB0F6}.Debug|Any CPU.ActiveCfg = Debug|Any CPU
		{3EDD299B-A0D9-4961-B4AA-79F4077AB0F6}.Debug|Any CPU.Build.0 = Debug|Any CPU
		{3EDD299B-A0D9-4961-B4AA-79F4077AB0F6}.Release|Any CPU.ActiveCfg = Release|Any CPU
		{3EDD299B-A0D9-4961-B4AA-79F4077AB0F6}.Release|Any CPU.Build.0 = Release|Any CPU
	EndGlobalSection
	GlobalSection(SolutionProperties) = preSolution
		HideSolutionNode = FALSE
	EndGlobalSection
	GlobalSection(ExtensibilityGlobals) = postSolution
		SolutionGuid = {547B1AA5-0F0D-4276-8D0C-BD54561E1D56}
	EndGlobalSection
EndGlobal
